
Microsoft Visual Studio Solution File, Format Version 12.00
# Visual Studio Version 16
VisualStudioVersion = 16.0.32901.82
MinimumVisualStudioVersion = 10.0.40219.1
Project("{FAE04EC0-301F-11D3-BF4B-00C04F79EFBC}") = "WindowsFormsAppTest", "WindowsFormsAppTest\WindowsFormsAppTest.csproj", "{66F32A51-8329-40CD-8B7D-3459050A2386}"
EndProject
Global
	GlobalSection(SolutionConfigurationPlatforms) = preSolution
		Debug|Any CPU = Debug|Any CPU
		Debug|x64 = Debug|x64
		Release|Any CPU = Release|Any CPU
		Release|x64 = Release|x64
	EndGlobalSection
	GlobalSection(ProjectConfigurationPlatforms) = postSolution
		{66F32A51-8329-40CD-8B7D-3459050A2386}.Debug|Any CPU.ActiveCfg = Debug|Any CPU
		{66F32A51-8329-40CD-8B7D-3459050A2386}.Debug|Any CPU.Build.0 = Debug|Any CPU
		{66F32A51-8329-40CD-8B7D-3459050A2386}.Debug|x64.ActiveCfg = Debug|x64
		{66F32A51-8329-40CD-8B7D-3459050A2386}.Debug|x64.Build.0 = Debug|x64
		{66F32A51-8329-40CD-8B7D-3459050A2386}.Release|Any CPU.ActiveCfg = Release|Any CPU
		{66F32A51-8329-40CD-8B7D-3459050A2386}.Release|Any CPU.Build.0 = Release|Any CPU
		{66F32A51-8329-40CD-8B7D-3459050A2386}.Release|x64.ActiveCfg = Release|x64
		{66F32A51-8329-40CD-8B7D-3459050A2386}.Release|x64.Build.0 = Release|x64
	EndGlobalSection
	GlobalSection(SolutionProperties) = preSolution
		HideSolutionNode = FALSE
	EndGlobalSection
	GlobalSection(ExtensibilityGlobals) = postSolution
		SolutionGuid = {BF64306B-552C-4FCD-B245-35F51A8BFF36}
	EndGlobalSection
EndGlobal
